
Microsoft Visual Studio Solution File, Format Version 12.00
# Visual Studio Version 17
VisualStudioVersion = 17.4.33205.214
MinimumVisualStudioVersion = 10.0.40219.1
Project("{FAE04EC0-301F-11D3-BF4B-00C04F79EFBC}") = "CarParkProject.Data", "CarParkProject.Data\CarParkProject.Data.csproj", "{5DCC9B79-A2DF-4583-B106-7AB39B93468B}"
EndProject
Global
	GlobalSection(SolutionConfigurationPlatforms) = preSolution
		Debug|Any CPU = Debug|Any CPU
		Release|Any CPU = Release|Any CPU
	EndGlobalSection
	GlobalSection(ProjectConfigurationPlatforms) = postSolution
		{5DCC9B79-A2DF-4583-B106-7AB39B93468B}.Debug|Any CPU.ActiveCfg = Debug|Any CPU
		{5DCC9B79-A2DF-4583-B106-7AB39B93468B}.Debug|Any CPU.Build.0 = Debug|Any CPU
		{5DCC9B79-A2DF-4583-B106-7AB39B93468B}.Release|Any CPU.ActiveCfg = Release|Any CPU
		{5DCC9B79-A2DF-4583-B106-7AB39B93468B}.Release|Any CPU.Build.0 = Release|Any CPU
	EndGlobalSection
	GlobalSection(SolutionProperties) = preSolution
		HideSolutionNode = FALSE
	EndGlobalSection
	GlobalSection(ExtensibilityGlobals) = postSolution
		SolutionGuid = {7F88EE7C-DA66-4167-B822-7492B94FD0E9}
	EndGlobalSection
EndGlobal
